
Microsoft Visual Studio Solution File, Format Version 12.00
# Blend for Visual Studio Version 16
VisualStudioVersion = 16.0.29609.76
MinimumVisualStudioVersion = 10.0.40219.1
Project("{FAE04EC0-301F-11D3-BF4B-00C04F79EFBC}") = "GUIForTarget", "GUIForTarget.csproj", "{0215428A-B02F-4364-A74C-41BA542CC6A5}"
EndProject
Project("{FAE04EC0-301F-11D3-BF4B-00C04F79EFBC}") = "SetRegWindow", "..\SetRegWindow\SetRegWindow.csproj", "{8D69EAC4-A56B-4D60-B195-02EC44227F18}"
EndProject
Global
	GlobalSection(SolutionConfigurationPlatforms) = preSolution
		Debug|Any CPU = Debug|Any CPU
		Release|Any CPU = Release|Any CPU
	EndGlobalSection
	GlobalSection(ProjectConfigurationPlatforms) = postSolution
		{0215428A-B02F-4364-A74C-41BA542CC6A5}.Debug|Any CPU.ActiveCfg = Debug|Any CPU
		{0215428A-B02F-4364-A74C-41BA542CC6A5}.Debug|Any CPU.Build.0 = Debug|Any CPU
		{0215428A-B02F-4364-A74C-41BA542CC6A5}.Release|Any CPU.ActiveCfg = Release|Any CPU
		{0215428A-B02F-4364-A74C-41BA542CC6A5}.Release|Any CPU.Build.0 = Release|Any CPU
		{8D69EAC4-A56B-4D60-B195-02EC44227F18}.Debug|Any CPU.ActiveCfg = Debug|Any CPU
		{8D69EAC4-A56B-4D60-B195-02EC44227F18}.Debug|Any CPU.Build.0 = Debug|Any CPU
		{8D69EAC4-A56B-4D60-B195-02EC44227F18}.Release|Any CPU.ActiveCfg = Release|Any CPU
		{8D69EAC4-A56B-4D60-B195-02EC44227F18}.Release|Any CPU.Build.0 = Release|Any CPU
	EndGlobalSection
	GlobalSection(SolutionProperties) = preSolution
		HideSolutionNode = FALSE
	EndGlobalSection
	GlobalSection(ExtensibilityGlobals) = postSolution
		SolutionGuid = {72461DE8-7428-4F51-8885-EEA3CA07D524}
	EndGlobalSection
EndGlobal
